
Microsoft Visual Studio Solution File, Format Version 12.00
# Visual Studio 15
VisualStudioVersion = 15.0.28010.2046
MinimumVisualStudioVersion = 10.0.40219.1
Project("{FAE04EC0-301F-11D3-BF4B-00C04F79EFBC}") = "UDPBroadcast", "UDPBroadcast\UDPBroadcast.csproj", "{DBD5D09F-E1D7-405F-8C6B-27DB0E72F169}"
EndProject
Global
	GlobalSection(SolutionConfigurationPlatforms) = preSolution
		Debug|Any CPU = Debug|Any CPU
		Release|Any CPU = Release|Any CPU
	EndGlobalSection
	GlobalSection(ProjectConfigurationPlatforms) = postSolution
		{DBD5D09F-E1D7-405F-8C6B-27DB0E72F169}.Debug|Any CPU.ActiveCfg = Debug|Any CPU
		{DBD5D09F-E1D7-405F-8C6B-27DB0E72F169}.Debug|Any CPU.Build.0 = Debug|Any CPU
		{DBD5D09F-E1D7-405F-8C6B-27DB0E72F169}.Release|Any CPU.ActiveCfg = Release|Any CPU
		{DBD5D09F-E1D7-405F-8C6B-27DB0E72F169}.Release|Any CPU.Build.0 = Release|Any CPU
	EndGlobalSection
	GlobalSection(SolutionProperties) = preSolution
		HideSolutionNode = FALSE
	EndGlobalSection
	GlobalSection(ExtensibilityGlobals) = postSolution
		SolutionGuid = {8EB96ABB-D562-40BD-A20F-26DE8FB97FC6}
	EndGlobalSection
EndGlobal
